
Microsoft Visual Studio Solution File, Format Version 12.00
# Visual Studio 14
VisualStudioVersion = 14.0.24720.0
MinimumVisualStudioVersion = 10.0.40219.1
Project("{FAE04EC0-301F-11D3-BF4B-00C04F79EFBC}") = "SogetiSpain.MvvmCourse.Data", "SogetiSpain.MvvmCourse.Data\SogetiSpain.MvvmCourse.Data.csproj", "{98DCF858-33C9-4C91-9FD4-E2267F00B9A8}"
EndProject
Project("{FAE04EC0-301F-11D3-BF4B-00C04F79EFBC}") = "SogetiSpain.MvvmCourse.Domain", "SogetiSpain.MvvmCourse.Domain\SogetiSpain.MvvmCourse.Domain.csproj", "{74886EC1-444A-4F44-A440-D1AE1D105336}"
EndProject
Project("{FAE04EC0-301F-11D3-BF4B-00C04F79EFBC}") = "SogetiSpain.MvvmCourse.WebServices", "SogetiSpain.MvvmCourse.WebServices\SogetiSpain.MvvmCourse.WebServices.csproj", "{C53C4518-00C8-4FDD-8A42-FDBF1E9D5C05}"
EndProject
Project("{FAE04EC0-301F-11D3-BF4B-00C04F79EFBC}") = "SogetiSpain.MvvmCourse.WebServices.Contracts", "SogetiSpain.MvvmCourse.WebServices.Contracts\SogetiSpain.MvvmCourse.WebServices.Contracts.csproj", "{AEF56817-E5DC-4770-8505-04AA8B679A00}"
EndProject
Project("{FAE04EC0-301F-11D3-BF4B-00C04F79EFBC}") = "SogetiSpain.MvvmCourse.WebServices.Client", "SogetiSpain.MvvmCourse.WebServices.Client\SogetiSpain.MvvmCourse.WebServices.Client.csproj", "{84FC9E73-35C0-4ABE-8D21-819D66685E7A}"
	ProjectSection(ProjectDependencies) = postProject
		{C53C4518-00C8-4FDD-8A42-FDBF1E9D5C05} = {C53C4518-00C8-4FDD-8A42-FDBF1E9D5C05}
	EndProjectSection
EndProject
Project("{2150E333-8FDC-42A3-9474-1A3956D46DE8}") = "[1] Primer Contacto con MVVM", "[1] Primer Contacto con MVVM", "{AAF8D43A-2C44-4E40-98E1-3710CDD4412F}"
EndProject
Project("{2150E333-8FDC-42A3-9474-1A3956D46DE8}") = "[1.1] Ejemplo View sin MVVM ni Data Bindings", "[1.1] Ejemplo View sin MVVM ni Data Bindings", "{86426B94-3D6A-4E8D-9048-89C88FF8CE15}"
EndProject
Project("{2150E333-8FDC-42A3-9474-1A3956D46DE8}") = "[1.2] Ejemplo View con Data Bindings", "[1.2] Ejemplo View con Data Bindings", "{DB30EF23-763F-4B60-A7CF-762630A62DE9}"
EndProject
Project("{2150E333-8FDC-42A3-9474-1A3956D46DE8}") = "[1.3] Ejemplo View transformada a MVVM", "[1.3] Ejemplo View transformada a MVVM", "{0CB2ECBB-82CD-4F84-9F87-BEB0DE83E233}"
EndProject
Project("{FAE04EC0-301F-11D3-BF4B-00C04F79EFBC}") = "SogetiSpain.MvvmCourse.UI", "Demos\1.1\SogetiSpain.MvvmCourse.UI\SogetiSpain.MvvmCourse.UI.csproj", "{60581CEC-E41F-43CE-8B29-C43CE77E4EA4}"
EndProject
Project("{FAE04EC0-301F-11D3-BF4B-00C04F79EFBC}") = "SogetiSpain.MvvmCourse.UI", "Demos\1.2\SogetiSpain.MvvmCourse.UI\SogetiSpain.MvvmCourse.UI.csproj", "{25E14F8B-BE5A-426B-B72A-7C72D9AAB7F9}"
EndProject
Project("{FAE04EC0-301F-11D3-BF4B-00C04F79EFBC}") = "SogetiSpain.MvvmCourse.UI", "Demos\1.3\SogetiSpain.MvvmCourse.UI\SogetiSpain.MvvmCourse.UI.csproj", "{E0F0B270-260A-4D14-B095-20C20AA48490}"
EndProject
Project("{2150E333-8FDC-42A3-9474-1A3956D46DE8}") = "[2] Conectando Views y ViewModels en MVVM", "[2] Conectando Views y ViewModels en MVVM", "{17B0813D-079F-4F2B-9D55-588DBC227645}"
EndProject
Project("{2150E333-8FDC-42A3-9474-1A3956D46DE8}") = "[2.1] View-First con ViewModelLocators", "[2.1] View-First con ViewModelLocators", "{2AA67FDB-50E8-4FE6-932E-AF99E20130D8}"
EndProject
Project("{FAE04EC0-301F-11D3-BF4B-00C04F79EFBC}") = "SogetiSpain.MvvmCourse.UI", "Demos\2.1\SogetiSpain.MvvmCourse.UI\SogetiSpain.MvvmCourse.UI.csproj", "{01CAB639-1E53-40A5-90A2-CE3B92F7EA15}"
EndProject
Project("{2150E333-8FDC-42A3-9474-1A3956D46DE8}") = "[2.2] ViewModel-First con DataTemplates", "[2.2] ViewModel-First con DataTemplates", "{67ED735A-A380-443B-9F60-F4BEEAC99461}"
EndProject
Project("{FAE04EC0-301F-11D3-BF4B-00C04F79EFBC}") = "SogetiSpain.MvvmCourse.UI", "Demos\2.2\SogetiSpain.MvvmCourse.UI\SogetiSpain.MvvmCourse.UI.csproj", "{B726289D-C2ED-4400-BC20-E2162DD083B7}"
EndProject
Project("{2150E333-8FDC-42A3-9474-1A3956D46DE8}") = "[3] Comunicación View-ViewModel en WPF", "[3] Comunicación View-ViewModel en WPF", "{1EDD6894-11E3-40E6-948C-78361E3906B0}"
EndProject
Project("{2150E333-8FDC-42A3-9474-1A3956D46DE8}") = "[3.1] Uso de Comandos", "[3.1] Uso de Comandos", "{915AB0F9-46A8-4C9F-B1CF-4D66470FFE24}"
EndProject
Project("{FAE04EC0-301F-11D3-BF4B-00C04F79EFBC}") = "SogetiSpain.MvvmCourse.UI", "Demos\3.1\SogetiSpain.MvvmCourse.UI\SogetiSpain.MvvmCourse.UI.csproj", "{C0B663A2-F4B7-47BA-964D-94D7130D97CA}"
EndProject
Project("{FAE04EC0-301F-11D3-BF4B-00C04F79EFBC}") = "SogetiSpain.MvvmCourse.UI.Common", "SogetiSpain.MvvmCourse.UI.Common\SogetiSpain.MvvmCourse.UI.Common.csproj", "{091653D8-9282-4089-B104-90DE072169DA}"
EndProject
Project("{2150E333-8FDC-42A3-9474-1A3956D46DE8}") = "[3.2] Propiedades Adjuntas y Comportamientos", "[3.2] Propiedades Adjuntas y Comportamientos", "{5BC3E8C6-F589-48D8-AA36-040815D44E06}"
EndProject
Project("{FAE04EC0-301F-11D3-BF4B-00C04F79EFBC}") = "SogetiSpain.MvvmCourse.UI", "Demos\3.2\SogetiSpain.MvvmCourse.UI\SogetiSpain.MvvmCourse.UI.csproj", "{D201556A-FAC5-4CDE-934A-73ABC8AEEA9B}"
EndProject
Global
	GlobalSection(SolutionConfigurationPlatforms) = preSolution
		Debug|Any CPU = Debug|Any CPU
		Release|Any CPU = Release|Any CPU
	EndGlobalSection
	GlobalSection(ProjectConfigurationPlatforms) = postSolution
		{98DCF858-33C9-4C91-9FD4-E2267F00B9A8}.Debug|Any CPU.ActiveCfg = Debug|Any CPU
		{98DCF858-33C9-4C91-9FD4-E2267F00B9A8}.Debug|Any CPU.Build.0 = Debug|Any CPU
		{98DCF858-33C9-4C91-9FD4-E2267F00B9A8}.Release|Any CPU.ActiveCfg = Release|Any CPU
		{98DCF858-33C9-4C91-9FD4-E2267F00B9A8}.Release|Any CPU.Build.0 = Release|Any CPU
		{74886EC1-444A-4F44-A440-D1AE1D105336}.Debug|Any CPU.ActiveCfg = Debug|Any CPU
		{74886EC1-444A-4F44-A440-D1AE1D105336}.Debug|Any CPU.Build.0 = Debug|Any CPU
		{74886EC1-444A-4F44-A440-D1AE1D105336}.Release|Any CPU.ActiveCfg = Release|Any CPU
		{74886EC1-444A-4F44-A440-D1AE1D105336}.Release|Any CPU.Build.0 = Release|Any CPU
		{C53C4518-00C8-4FDD-8A42-FDBF1E9D5C05}.Debug|Any CPU.ActiveCfg = Debug|Any CPU
		{C53C4518-00C8-4FDD-8A42-FDBF1E9D5C05}.Debug|Any CPU.Build.0 = Debug|Any CPU
		{C53C4518-00C8-4FDD-8A42-FDBF1E9D5C05}.Release|Any CPU.ActiveCfg = Release|Any CPU
		{C53C4518-00C8-4FDD-8A42-FDBF1E9D5C05}.Release|Any CPU.Build.0 = Release|Any CPU
		{AEF56817-E5DC-4770-8505-04AA8B679A00}.Debug|Any CPU.ActiveCfg = Debug|Any CPU
		{AEF56817-E5DC-4770-8505-04AA8B679A00}.Debug|Any CPU.Build.0 = Debug|Any CPU
		{AEF56817-E5DC-4770-8505-04AA8B679A00}.Release|Any CPU.ActiveCfg = Release|Any CPU
		{AEF56817-E5DC-4770-8505-04AA8B679A00}.Release|Any CPU.Build.0 = Release|Any CPU
		{84FC9E73-35C0-4ABE-8D21-819D66685E7A}.Debug|Any CPU.ActiveCfg = Debug|Any CPU
		{84FC9E73-35C0-4ABE-8D21-819D66685E7A}.Debug|Any CPU.Build.0 = Debug|Any CPU
		{84FC9E73-35C0-4ABE-8D21-819D66685E7A}.Release|Any CPU.ActiveCfg = Release|Any CPU
		{84FC9E73-35C0-4ABE-8D21-819D66685E7A}.Release|Any CPU.Build.0 = Release|Any CPU
		{60581CEC-E41F-43CE-8B29-C43CE77E4EA4}.Debug|Any CPU.ActiveCfg = Debug|Any CPU
		{60581CEC-E41F-43CE-8B29-C43CE77E4EA4}.Debug|Any CPU.Build.0 = Debug|Any CPU
		{60581CEC-E41F-43CE-8B29-C43CE77E4EA4}.Release|Any CPU.ActiveCfg = Release|Any CPU
		{60581CEC-E41F-43CE-8B29-C43CE77E4EA4}.Release|Any CPU.Build.0 = Release|Any CPU
		{25E14F8B-BE5A-426B-B72A-7C72D9AAB7F9}.Debug|Any CPU.ActiveCfg = Debug|Any CPU
		{25E14F8B-BE5A-426B-B72A-7C72D9AAB7F9}.Debug|Any CPU.Build.0 = Debug|Any CPU
		{25E14F8B-BE5A-426B-B72A-7C72D9AAB7F9}.Release|Any CPU.ActiveCfg = Release|Any CPU
		{25E14F8B-BE5A-426B-B72A-7C72D9AAB7F9}.Release|Any CPU.Build.0 = Release|Any CPU
		{E0F0B270-260A-4D14-B095-20C20AA48490}.Debug|Any CPU.ActiveCfg = Debug|Any CPU
		{E0F0B270-260A-4D14-B095-20C20AA48490}.Debug|Any CPU.Build.0 = Debug|Any CPU
		{E0F0B270-260A-4D14-B095-20C20AA48490}.Release|Any CPU.ActiveCfg = Release|Any CPU
		{E0F0B270-260A-4D14-B095-20C20AA48490}.Release|Any CPU.Build.0 = Release|Any CPU
		{01CAB639-1E53-40A5-90A2-CE3B92F7EA15}.Debug|Any CPU.ActiveCfg = Debug|Any CPU
		{01CAB639-1E53-40A5-90A2-CE3B92F7EA15}.Debug|Any CPU.Build.0 = Debug|Any CPU
		{01CAB639-1E53-40A5-90A2-CE3B92F7EA15}.Release|Any CPU.ActiveCfg = Release|Any CPU
		{01CAB639-1E53-40A5-90A2-CE3B92F7EA15}.Release|Any CPU.Build.0 = Release|Any CPU
		{B726289D-C2ED-4400-BC20-E2162DD083B7}.Debug|Any CPU.ActiveCfg = Debug|Any CPU
		{B726289D-C2ED-4400-BC20-E2162DD083B7}.Debug|Any CPU.Build.0 = Debug|Any CPU
		{B726289D-C2ED-4400-BC20-E2162DD083B7}.Release|Any CPU.ActiveCfg = Release|Any CPU
		{B726289D-C2ED-4400-BC20-E2162DD083B7}.Release|Any CPU.Build.0 = Release|Any CPU
		{C0B663A2-F4B7-47BA-964D-94D7130D97CA}.Debug|Any CPU.ActiveCfg = Debug|Any CPU
		{C0B663A2-F4B7-47BA-964D-94D7130D97CA}.Debug|Any CPU.Build.0 = Debug|Any CPU
		{C0B663A2-F4B7-47BA-964D-94D7130D97CA}.Release|Any CPU.ActiveCfg = Release|Any CPU
		{C0B663A2-F4B7-47BA-964D-94D7130D97CA}.Release|Any CPU.Build.0 = Release|Any CPU
		{091653D8-9282-4089-B104-90DE072169DA}.Debug|Any CPU.ActiveCfg = Debug|Any CPU
		{091653D8-9282-4089-B104-90DE072169DA}.Debug|Any CPU.Build.0 = Debug|Any CPU
		{091653D8-9282-4089-B104-90DE072169DA}.Release|Any CPU.ActiveCfg = Release|Any CPU
		{091653D8-9282-4089-B104-90DE072169DA}.Release|Any CPU.Build.0 = Release|Any CPU
		{D201556A-FAC5-4CDE-934A-73ABC8AEEA9B}.Debug|Any CPU.ActiveCfg = Debug|Any CPU
		{D201556A-FAC5-4CDE-934A-73ABC8AEEA9B}.Debug|Any CPU.Build.0 = Debug|Any CPU
		{D201556A-FAC5-4CDE-934A-73ABC8AEEA9B}.Release|Any CPU.ActiveCfg = Release|Any CPU
		{D201556A-FAC5-4CDE-934A-73ABC8AEEA9B}.Release|Any CPU.Build.0 = Release|Any CPU
	EndGlobalSection
	GlobalSection(SolutionProperties) = preSolution
		HideSolutionNode = FALSE
	EndGlobalSection
	GlobalSection(NestedProjects) = preSolution
		{86426B94-3D6A-4E8D-9048-89C88FF8CE15} = {AAF8D43A-2C44-4E40-98E1-3710CDD4412F}
		{DB30EF23-763F-4B60-A7CF-762630A62DE9} = {AAF8D43A-2C44-4E40-98E1-3710CDD4412F}
		{0CB2ECBB-82CD-4F84-9F87-BEB0DE83E233} = {AAF8D43A-2C44-4E40-98E1-3710CDD4412F}
		{60581CEC-E41F-43CE-8B29-C43CE77E4EA4} = {86426B94-3D6A-4E8D-9048-89C88FF8CE15}
		{25E14F8B-BE5A-426B-B72A-7C72D9AAB7F9} = {DB30EF23-763F-4B60-A7CF-762630A62DE9}
		{E0F0B270-260A-4D14-B095-20C20AA48490} = {0CB2ECBB-82CD-4F84-9F87-BEB0DE83E233}
		{2AA67FDB-50E8-4FE6-932E-AF99E20130D8} = {17B0813D-079F-4F2B-9D55-588DBC227645}
		{01CAB639-1E53-40A5-90A2-CE3B92F7EA15} = {2AA67FDB-50E8-4FE6-932E-AF99E20130D8}
		{67ED735A-A380-443B-9F60-F4BEEAC99461} = {17B0813D-079F-4F2B-9D55-588DBC227645}
		{B726289D-C2ED-4400-BC20-E2162DD083B7} = {67ED735A-A380-443B-9F60-F4BEEAC99461}
		{915AB0F9-46A8-4C9F-B1CF-4D66470FFE24} = {1EDD6894-11E3-40E6-948C-78361E3906B0}
		{C0B663A2-F4B7-47BA-964D-94D7130D97CA} = {915AB0F9-46A8-4C9F-B1CF-4D66470FFE24}
		{5BC3E8C6-F589-48D8-AA36-040815D44E06} = {1EDD6894-11E3-40E6-948C-78361E3906B0}
		{D201556A-FAC5-4CDE-934A-73ABC8AEEA9B} = {5BC3E8C6-F589-48D8-AA36-040815D44E06}
	EndGlobalSection
EndGlobal
